// !$*UTF8*$!
{
	archiveVersion = 1;
	classes = {
	};
	objectVersion = 46;
	objects = {
/* Begin PBXBuildFile section */
		0207DA581B56EA530066E2B4 /* Images.xcassets in Resources */ = {isa = PBXBuildFile; fileRef = 0207DA571B56EA530066E2B4 /* Images.xcassets */; };
		0331CDDBBF3F4D7588422E23 /* CDVViewController+SplashScreen.m in Sources */ = {isa = PBXBuildFile; fileRef = 996F9044492047E8935213A7 /* CDVViewController+SplashScreen.m */; };
		0AE1A832F00C461190A5D8D4 /* CDVInAppBrowser.m in Sources */ = {isa = PBXBuildFile; fileRef = 6AC9E5C1F5B74EA387A1E143 /* CDVInAppBrowser.m */; };
		0BB1322263B3430786C490F2 /* ELCAssetTablePicker.m in Sources */ = {isa = PBXBuildFile; fileRef = 89DECEDFA5824F76AAE86307 /* ELCAssetTablePicker.m */; };
		0CE36D991D3041F3BEB8523C /* ELCAssetTablePicker.xib in Resources */ = {isa = PBXBuildFile; fileRef = D883D7F8A8EA4931A4A8AE01 /* ELCAssetTablePicker.xib */; };
		16F9709E2F534049A03A4A02 /* ELCAssetCell.m in Sources */ = {isa = PBXBuildFile; fileRef = 9CB884BE538449359EBFEC08 /* ELCAssetCell.m */; };
		1701DB5D9C8747DBAA6EE4BC /* CFNetwork.framework in Frameworks */ = {isa = PBXBuildFile; fileRef = 9DB2D1A0C02C4B0094B178B4 /* CFNetwork.framework */; };
		17210D11743A46BF9905E492 /* MessageUI.framework in Frameworks */ = {isa = PBXBuildFile; fileRef = CE2E37D727674A04AF0F3387 /* MessageUI.framework */; };
		1D3623260D0F684500981E51 /* AppDelegate.m in Sources */ = {isa = PBXBuildFile; fileRef = 1D3623250D0F684500981E51 /* AppDelegate.m */; };
		1D60589B0D05DD56006BFB54 /* main.m in Sources */ = {isa = PBXBuildFile; fileRef = 29B97316FDCFA39411CA2CEA /* main.m */; };
		20B4F30DC0C240EBABD0EF9E /* CDVPluginExt.m in Sources */ = {isa = PBXBuildFile; fileRef = 43EBC1D6E3A34EC08071728E /* CDVPluginExt.m */; };
		301BF552109A68D80062928A /* libCordova.a in Frameworks */ = {isa = PBXBuildFile; fileRef = 301BF535109A57CC0062928A /* libCordova.a */; };
		302D95F114D2391D003F00A1 /* MainViewController.m in Sources */ = {isa = PBXBuildFile; fileRef = 302D95EF14D2391D003F00A1 /* MainViewController.m */; };
		302D95F214D2391D003F00A1 /* MainViewController.xib in Resources */ = {isa = PBXBuildFile; fileRef = 302D95F014D2391D003F00A1 /* MainViewController.xib */; };
		3FA523DEE6204F3D97C18A82 /* APPEmailComposerImpl.m in Sources */ = {isa = PBXBuildFile; fileRef = E3899015BB5F45E3942C9E58 /* APPEmailComposerImpl.m */; };
		4581CE595E314F39B454A267 /* CDVNotification.bundle in Resources */ = {isa = PBXBuildFile; fileRef = 5A6F77DBA3344B438B7F1CE9 /* CDVNotification.bundle */; };
		4FB89613560941599CCC7BAD /* Overlay.png in Resources */ = {isa = PBXBuildFile; fileRef = E46AA98E0C554B5AA11296F5 /* Overlay.png */; };
		525847370FEF4455A2A12F85 /* CDVNotification.m in Sources */ = {isa = PBXBuildFile; fileRef = 5208D219D4E1408091BBD302 /* CDVNotification.m */; };
		56A0AF72D93D44959BF3B35D /* ELCAlbumPickerController.m in Sources */ = {isa = PBXBuildFile; fileRef = 841B388E1FDA4ECBBA136973 /* ELCAlbumPickerController.m */; };
		582F131B75C9448391AE214E /* ELCAsset.m in Sources */ = {isa = PBXBuildFile; fileRef = 65C6927AD48546D3985CF710 /* ELCAsset.m */; };
		674805114C704AF4B585F081 /* iAd.framework in Frameworks */ = {isa = PBXBuildFile; fileRef = AD12340582FD43199D4B07B4 /* iAd.framework */; settings = {ATTRIBUTES = (Weak, ); }; };
		6AFF5BF91D6E424B00AB3073 /* CDVLaunchScreen.storyboard in Resources */ = {isa = PBXBuildFile; fileRef = 6AFF5BF81D6E424B00AB3073 /* CDVLaunchScreen.storyboard */; };
		6B5798F6EA0E4A3698D8221F /* ELCAssetPicker.xib in Resources */ = {isa = PBXBuildFile; fileRef = 879BE31264354AD5A89315C9 /* ELCAssetPicker.xib */; };
		6CB5D7C419EA47C9A446569A /* AppDelegate+notification.m in Sources */ = {isa = PBXBuildFile; fileRef = C574311FD25C4262A00D6803 /* AppDelegate+notification.m */; };
		7F555708ECC943BBB0D5DACF /* ELCAlbumPickerController.xib in Resources */ = {isa = PBXBuildFile; fileRef = C1553DD3F64B40C588579C28 /* ELCAlbumPickerController.xib */; };
		8F57B48DF9F5447FADA3B0B1 /* CDVSplashScreen.m in Sources */ = {isa = PBXBuildFile; fileRef = 4D57A40BB18F436A9E6AC814 /* CDVSplashScreen.m */; };
		900B643B8F08458AB32368FA /* Overlay@2x.png in Resources */ = {isa = PBXBuildFile; fileRef = E7054096E23A4312969EC50E /* Overlay@2x.png */; };
		932BA1C484174106B9178B98 /* PushPlugin.m in Sources */ = {isa = PBXBuildFile; fileRef = 32EE86F483F3477093FFC348 /* PushPlugin.m */; };
		AC494E7BF8CB421F98A05726 /* CDVDevice.m in Sources */ = {isa = PBXBuildFile; fileRef = D47D565B4ED842EBB2858FCE /* CDVDevice.m */; };
		C60B2B040BB24A53B57009BB /* IonicKeyboard.m in Sources */ = {isa = PBXBuildFile; fileRef = 241F3D3499A84E768FE7E3A9 /* IonicKeyboard.m */; };
		D100229877BE475C98772053 /* iAdPlugin.m in Sources */ = {isa = PBXBuildFile; fileRef = 981EF8BE21D241C898B854BD /* iAdPlugin.m */; };
		D62CC7A36FB5490CB97E7EA6 /* libCordovaGenericAd.a in Frameworks */ = {isa = PBXBuildFile; fileRef = 668B9946FD084FC5A4846926 /* libCordovaGenericAd.a */; };
		DA1381774B7E4322899B5CFE /* CoreLocation.framework in Frameworks */ = {isa = PBXBuildFile; fileRef = 7D8A06D45AD64FA38EDD2E58 /* CoreLocation.framework */; };
		DC8BF1F047974A83A475FBA2 /* CDVLocation.m in Sources */ = {isa = PBXBuildFile; fileRef = 835486A24CFC43F189088C39 /* CDVLocation.m */; };
		DE13B0F7CCD249D4B50AE3F7 /* AudioToolbox.framework in Frameworks */ = {isa = PBXBuildFile; fileRef = 8A7B7180F5194834B9937E91 /* AudioToolbox.framework */; settings = {ATTRIBUTES = (Weak, ); }; };
		DE7863A034D04B1F9E2D740E /* APPEmailComposer.m in Sources */ = {isa = PBXBuildFile; fileRef = F1CA3167E5564B47B84268EB /* APPEmailComposer.m */; };
		DEFF3AA39A1B4D3AB4B07F56 /* ELCImagePickerController.m in Sources */ = {isa = PBXBuildFile; fileRef = 299CBC92AE5D4ED69F6AC83E /* ELCImagePickerController.m */; };
		E08F155AE94045A782A6F181 /* CDVGlobalization.m in Sources */ = {isa = PBXBuildFile; fileRef = DDC7647DE54E4AFD9BE690C4 /* CDVGlobalization.m */; };
		FD32267C820D4800A86450EF /* SOSPicker.m in Sources */ = {isa = PBXBuildFile; fileRef = 18A8266CB94E4066988EBA71 /* SOSPicker.m */; };
		FED9CE50566F40C3A82DB8BB /* CDVLogger.m in Sources */ = {isa = PBXBuildFile; fileRef = D7A210148561473297C45F47 /* CDVLogger.m */; };
/* End PBXBuildFile section */

/* Begin PBXContainerItemProxy section */
		301BF534109A57CC0062928A /* PBXContainerItemProxy */ = {
			isa = PBXContainerItemProxy;
			containerPortal = 301BF52D109A57CC0062928A /* CordovaLib.xcodeproj */;
			proxyType = 2;
			remoteGlobalIDString = D2AAC07E0554694100DB518D;
			remoteInfo = CordovaLib;
		};
		301BF550109A68C00062928A /* PBXContainerItemProxy */ = {
			isa = PBXContainerItemProxy;
			containerPortal = 301BF52D109A57CC0062928A /* CordovaLib.xcodeproj */;
			proxyType = 1;
			remoteGlobalIDString = D2AAC07D0554694100DB518D;
			remoteInfo = CordovaLib;
		};
/* End PBXContainerItemProxy section */

/* Begin PBXFileReference section */
		0207DA571B56EA530066E2B4 /* Images.xcassets */ = {isa = PBXFileReference; lastKnownFileType = folder.assetcatalog; name = Images.xcassets; path = Liquium/Images.xcassets; sourceTree = SOURCE_ROOT; };
		0B24ABC9625B422F821E3816 /* PushPlugin.h */ = {isa = PBXFileReference; explicitFileType = undefined; fileEncoding = 4; includeInIndex = 0; lastKnownFileType = sourcecode.c.h; name = PushPlugin.h; path = com.phonegap.plugins.PushPlugin/PushPlugin.h; sourceTree = "<group>"; };
		0EE456DC8F8147FF85B0B260 /* CDVNotification.h */ = {isa = PBXFileReference; explicitFileType = undefined; fileEncoding = 4; includeInIndex = 0; lastKnownFileType = sourcecode.c.h; name = CDVNotification.h; path = "cordova-plugin-dialogs/CDVNotification.h"; sourceTree = "<group>"; };
		18A8266CB94E4066988EBA71 /* SOSPicker.m */ = {isa = PBXFileReference; explicitFileType = undefined; fileEncoding = 4; includeInIndex = 0; lastKnownFileType = sourcecode.c.objc; name = SOSPicker.m; path = com.synconset.imagepicker/SOSPicker.m; sourceTree = "<group>"; };
		1C92863F7C004ED0B44F20C0 /* CDVDevice.h */ = {isa = PBXFileReference; explicitFileType = undefined; fileEncoding = 4; includeInIndex = 0; lastKnownFileType = sourcecode.c.h; name = CDVDevice.h; path = "cordova-plugin-device/CDVDevice.h"; sourceTree = "<group>"; };
		1D3623240D0F684500981E51 /* AppDelegate.h */ = {isa = PBXFileReference; fileEncoding = 4; lastKnownFileType = sourcecode.c.h; path = AppDelegate.h; sourceTree = "<group>"; };
		1D3623250D0F684500981E51 /* AppDelegate.m */ = {isa = PBXFileReference; fileEncoding = 4; lastKnownFileType = sourcecode.c.objc; path = AppDelegate.m; sourceTree = "<group>"; };
		1D6058910D05DD3D006BFB54 /* Liquium.app */ = {isa = PBXFileReference; explicitFileType = wrapper.application; includeInIndex = 0; path = Liquium.app; sourceTree = BUILT_PRODUCTS_DIR; };
		2214DC85501E47858B5BE530 /* AppDelegate+notification.h */ = {isa = PBXFileReference; explicitFileType = undefined; fileEncoding = 4; includeInIndex = 0; lastKnownFileType = sourcecode.c.h; name = "AppDelegate+notification.h"; path = "com.phonegap.plugins.PushPlugin/AppDelegate+notification.h"; sourceTree = "<group>"; };
		241F3D3499A84E768FE7E3A9 /* IonicKeyboard.m */ = {isa = PBXFileReference; explicitFileType = undefined; fileEncoding = 4; includeInIndex = 0; lastKnownFileType = sourcecode.c.objc; name = IonicKeyboard.m; path = "ionic-plugin-keyboard/IonicKeyboard.m"; sourceTree = "<group>"; };
		24F5A35F88C5458986317E33 /* IonicKeyboard.h */ = {isa = PBXFileReference; explicitFileType = undefined; fileEncoding = 4; includeInIndex = 0; lastKnownFileType = sourcecode.c.h; name = IonicKeyboard.h; path = "ionic-plugin-keyboard/IonicKeyboard.h"; sourceTree = "<group>"; };
		266D64C067BB4E3E8A0FF55D /* ELCAssetPickerFilterDelegate.h */ = {isa = PBXFileReference; explicitFileType = undefined; fileEncoding = 4; includeInIndex = 0; lastKnownFileType = sourcecode.c.h; name = ELCAssetPickerFilterDelegate.h; path = com.synconset.imagepicker/ELCAssetPickerFilterDelegate.h; sourceTree = "<group>"; };
		299CBC92AE5D4ED69F6AC83E /* ELCImagePickerController.m */ = {isa = PBXFileReference; explicitFileType = undefined; fileEncoding = 4; includeInIndex = 0; lastKnownFileType = sourcecode.c.objc; name = ELCImagePickerController.m; path = com.synconset.imagepicker/ELCImagePickerController.m; sourceTree = "<group>"; };
		29B97316FDCFA39411CA2CEA /* main.m */ = {isa = PBXFileReference; fileEncoding = 4; lastKnownFileType = sourcecode.c.objc; path = main.m; sourceTree = "<group>"; };
		301BF52D109A57CC0062928A /* CordovaLib.xcodeproj */ = {isa = PBXFileReference; lastKnownFileType = "wrapper.pb-project"; name = CordovaLib.xcodeproj; path = CordovaLib/CordovaLib.xcodeproj; sourceTree = "<group>"; };
		301BF56E109A69640062928A /* www */ = {isa = PBXFileReference; lastKnownFileType = folder; path = www; sourceTree = SOURCE_ROOT; };
		302D95EE14D2391D003F00A1 /* MainViewController.h */ = {isa = PBXFileReference; fileEncoding = 4; lastKnownFileType = sourcecode.c.h; path = MainViewController.h; sourceTree = "<group>"; };
		302D95EF14D2391D003F00A1 /* MainViewController.m */ = {isa = PBXFileReference; fileEncoding = 4; lastKnownFileType = sourcecode.c.objc; path = MainViewController.m; sourceTree = "<group>"; };
		302D95F014D2391D003F00A1 /* MainViewController.xib */ = {isa = PBXFileReference; fileEncoding = 4; lastKnownFileType = file.xib; path = MainViewController.xib; sourceTree = "<group>"; };
		3047A50F1AB8059700498E2A /* build-debug.xcconfig */ = {isa = PBXFileReference; fileEncoding = 4; lastKnownFileType = text.xcconfig; name = "build-debug.xcconfig"; path = "cordova/build-debug.xcconfig"; sourceTree = SOURCE_ROOT; };
		3047A5101AB8059700498E2A /* build-release.xcconfig */ = {isa = PBXFileReference; fileEncoding = 4; lastKnownFileType = text.xcconfig; name = "build-release.xcconfig"; path = "cordova/build-release.xcconfig"; sourceTree = SOURCE_ROOT; };
		3047A5111AB8059700498E2A /* build.xcconfig */ = {isa = PBXFileReference; fileEncoding = 4; lastKnownFileType = text.xcconfig; name = build.xcconfig; path = cordova/build.xcconfig; sourceTree = SOURCE_ROOT; };
		32CA4F630368D1EE00C91783 /* Liquium-Prefix.pch */ = {isa = PBXFileReference; fileEncoding = 4; lastKnownFileType = sourcecode.c.h; path = "Liquium-Prefix.pch"; sourceTree = "<group>"; };
		32EE86F483F3477093FFC348 /* PushPlugin.m */ = {isa = PBXFileReference; explicitFileType = undefined; fileEncoding = 4; includeInIndex = 0; lastKnownFileType = sourcecode.c.objc; name = PushPlugin.m; path = com.phonegap.plugins.PushPlugin/PushPlugin.m; sourceTree = "<group>"; };
		3D7B0DBDB72E457690A77D32 /* CDVViewController+SplashScreen.h */ = {isa = PBXFileReference; explicitFileType = undefined; fileEncoding = 4; includeInIndex = 0; lastKnownFileType = sourcecode.c.h; name = "CDVViewController+SplashScreen.h"; path = "cordova-plugin-splashscreen/CDVViewController+SplashScreen.h"; sourceTree = "<group>"; };
		40F272A536BD4D929D754EB7 /* CDVPluginExt.h */ = {isa = PBXFileReference; explicitFileType = undefined; fileEncoding = 4; includeInIndex = 0; lastKnownFileType = sourcecode.c.h; name = CDVPluginExt.h; path = "cordova-plugin-extension/CDVPluginExt.h"; sourceTree = "<group>"; };
		43EBC1D6E3A34EC08071728E /* CDVPluginExt.m */ = {isa = PBXFileReference; explicitFileType = undefined; fileEncoding = 4; includeInIndex = 0; lastKnownFileType = sourcecode.c.objc; name = CDVPluginExt.m; path = "cordova-plugin-extension/CDVPluginExt.m"; sourceTree = "<group>"; };
		4CB36F2BE51F44819B8230E7 /* CDVLogger.h */ = {isa = PBXFileReference; explicitFileType = undefined; fileEncoding = 4; includeInIndex = 0; lastKnownFileType = sourcecode.c.h; name = CDVLogger.h; path = "cordova-plugin-console/CDVLogger.h"; sourceTree = "<group>"; };
		4D57A40BB18F436A9E6AC814 /* CDVSplashScreen.m */ = {isa = PBXFileReference; explicitFileType = undefined; fileEncoding = 4; includeInIndex = 0; lastKnownFileType = sourcecode.c.objc; name = CDVSplashScreen.m; path = "cordova-plugin-splashscreen/CDVSplashScreen.m"; sourceTree = "<group>"; };
		5208D219D4E1408091BBD302 /* CDVNotification.m */ = {isa = PBXFileReference; explicitFileType = undefined; fileEncoding = 4; includeInIndex = 0; lastKnownFileType = sourcecode.c.objc; name = CDVNotification.m; path = "cordova-plugin-dialogs/CDVNotification.m"; sourceTree = "<group>"; };
		5A6F77DBA3344B438B7F1CE9 /* CDVNotification.bundle */ = {isa = PBXFileReference; explicitFileType = undefined; fileEncoding = 9; includeInIndex = 0; lastKnownFileType = "wrapper.plug-in"; path = CDVNotification.bundle; sourceTree = "<group>"; };
		5BD1C2B7167A4E928E4362D5 /* APPEmailComposer.h */ = {isa = PBXFileReference; explicitFileType = undefined; fileEncoding = 4; includeInIndex = 0; lastKnownFileType = sourcecode.c.h; name = APPEmailComposer.h; path = "cordova-plugin-email-composer/APPEmailComposer.h"; sourceTree = "<group>"; };
		64D26B3F1A214FCC973BF95F /* ELCAsset.h */ = {isa = PBXFileReference; explicitFileType = undefined; fileEncoding = 4; includeInIndex = 0; lastKnownFileType = sourcecode.c.h; name = ELCAsset.h; path = com.synconset.imagepicker/ELCAsset.h; sourceTree = "<group>"; };
		65C6927AD48546D3985CF710 /* ELCAsset.m */ = {isa = PBXFileReference; explicitFileType = undefined; fileEncoding = 4; includeInIndex = 0; lastKnownFileType = sourcecode.c.objc; name = ELCAsset.m; path = com.synconset.imagepicker/ELCAsset.m; sourceTree = "<group>"; };
		668B9946FD084FC5A4846926 /* libCordovaGenericAd.a */ = {isa = PBXFileReference; explicitFileType = undefined; fileEncoding = 9; includeInIndex = 0; lastKnownFileType = archive.ar; name = libCordovaGenericAd.a; path = "Liquium/Plugins/cordova-plugin-extension/libCordovaGenericAd.a"; sourceTree = "<group>"; };
		6AC9E5C1F5B74EA387A1E143 /* CDVInAppBrowser.m */ = {isa = PBXFileReference; explicitFileType = undefined; fileEncoding = 4; includeInIndex = 0; lastKnownFileType = sourcecode.c.objc; name = CDVInAppBrowser.m; path = "cordova-plugin-inappbrowser/CDVInAppBrowser.m"; sourceTree = "<group>"; };
		6AFF5BF81D6E424B00AB3073 /* CDVLaunchScreen.storyboard */ = {isa = PBXFileReference; fileEncoding = 4; lastKnownFileType = file.storyboard; name = CDVLaunchScreen.storyboard; path = Liquium/CDVLaunchScreen.storyboard; sourceTree = SOURCE_ROOT; };
		7D8A06D45AD64FA38EDD2E58 /* CoreLocation.framework */ = {isa = PBXFileReference; explicitFileType = undefined; fileEncoding = 9; includeInIndex = 0; lastKnownFileType = wrapper.framework; name = CoreLocation.framework; path = System/Library/Frameworks/CoreLocation.framework; sourceTree = SDKROOT; };
		835486A24CFC43F189088C39 /* CDVLocation.m */ = {isa = PBXFileReference; explicitFileType = undefined; fileEncoding = 4; includeInIndex = 0; lastKnownFileType = sourcecode.c.objc; name = CDVLocation.m; path = "cordova-plugin-geolocation/CDVLocation.m"; sourceTree = "<group>"; };
		841B388E1FDA4ECBBA136973 /* ELCAlbumPickerController.m */ = {isa = PBXFileReference; explicitFileType = undefined; fileEncoding = 4; includeInIndex = 0; lastKnownFileType = sourcecode.c.objc; name = ELCAlbumPickerController.m; path = com.synconset.imagepicker/ELCAlbumPickerController.m; sourceTree = "<group>"; };
		879BE31264354AD5A89315C9 /* ELCAssetPicker.xib */ = {isa = PBXFileReference; explicitFileType = undefined; fileEncoding = 9; includeInIndex = 0; lastKnownFileType = file.xib; path = ELCAssetPicker.xib; sourceTree = "<group>"; };
		880A76CF573C4D40A50F2383 /* ELCAlbumPickerController.h */ = {isa = PBXFileReference; explicitFileType = undefined; fileEncoding = 4; includeInIndex = 0; lastKnownFileType = sourcecode.c.h; name = ELCAlbumPickerController.h; path = com.synconset.imagepicker/ELCAlbumPickerController.h; sourceTree = "<group>"; };
		89DECEDFA5824F76AAE86307 /* ELCAssetTablePicker.m */ = {isa = PBXFileReference; explicitFileType = undefined; fileEncoding = 4; includeInIndex = 0; lastKnownFileType = sourcecode.c.objc; name = ELCAssetTablePicker.m; path = com.synconset.imagepicker/ELCAssetTablePicker.m; sourceTree = "<group>"; };
		8A7B7180F5194834B9937E91 /* AudioToolbox.framework */ = {isa = PBXFileReference; explicitFileType = undefined; fileEncoding = 9; includeInIndex = 0; lastKnownFileType = wrapper.framework; name = AudioToolbox.framework; path = System/Library/Frameworks/AudioToolbox.framework; sourceTree = SDKROOT; };
		8D1107310486CEB800E47090 /* Liquium-Info.plist */ = {isa = PBXFileReference; fileEncoding = 4; lastKnownFileType = text.plist.xml; name = "Liquium-Info.plist"; path = "Liquium/Liquium-Info.plist"; plistStructureDefinitionIdentifier = "com.apple.xcode.plist.structure-definition.iphone.info-plist"; sourceTree = SOURCE_ROOT; };
		956B2A28BDB4439C86C55B18 /* ELCImagePickerController.h */ = {isa = PBXFileReference; explicitFileType = undefined; fileEncoding = 4; includeInIndex = 0; lastKnownFileType = sourcecode.c.h; name = ELCImagePickerController.h; path = com.synconset.imagepicker/ELCImagePickerController.h; sourceTree = "<group>"; };
		981EF8BE21D241C898B854BD /* iAdPlugin.m */ = {isa = PBXFileReference; explicitFileType = undefined; fileEncoding = 4; includeInIndex = 0; lastKnownFileType = sourcecode.c.objc; name = iAdPlugin.m; path = "cordova-plugin-iad/iAdPlugin.m"; sourceTree = "<group>"; };
		996F9044492047E8935213A7 /* CDVViewController+SplashScreen.m */ = {isa = PBXFileReference; explicitFileType = undefined; fileEncoding = 4; includeInIndex = 0; lastKnownFileType = sourcecode.c.objc; name = "CDVViewController+SplashScreen.m"; path = "cordova-plugin-splashscreen/CDVViewController+SplashScreen.m"; sourceTree = "<group>"; };
		9CB884BE538449359EBFEC08 /* ELCAssetCell.m */ = {isa = PBXFileReference; explicitFileType = undefined; fileEncoding = 4; includeInIndex = 0; lastKnownFileType = sourcecode.c.objc; name = ELCAssetCell.m; path = com.synconset.imagepicker/ELCAssetCell.m; sourceTree = "<group>"; };
		9DB2D1A0C02C4B0094B178B4 /* CFNetwork.framework */ = {isa = PBXFileReference; explicitFileType = undefined; fileEncoding = 9; includeInIndex = 0; lastKnownFileType = wrapper.framework; name = CFNetwork.framework; path = System/Library/Frameworks/CFNetwork.framework; sourceTree = SDKROOT; };
		A4A5108D5E22429A97033287 /* ELCAssetCell.h */ = {isa = PBXFileReference; explicitFileType = undefined; fileEncoding = 4; includeInIndex = 0; lastKnownFileType = sourcecode.c.h; name = ELCAssetCell.h; path = com.synconset.imagepicker/ELCAssetCell.h; sourceTree = "<group>"; };
		AB24C5ADE74B4C4AA0490499 /* ELCAssetSelectionDelegate.h */ = {isa = PBXFileReference; explicitFileType = undefined; fileEncoding = 4; includeInIndex = 0; lastKnownFileType = sourcecode.c.h; name = ELCAssetSelectionDelegate.h; path = com.synconset.imagepicker/ELCAssetSelectionDelegate.h; sourceTree = "<group>"; };
		AC2F5078BEDF4BB2BA45AB97 /* CDVLocation.h */ = {isa = PBXFileReference; explicitFileType = undefined; fileEncoding = 4; includeInIndex = 0; lastKnownFileType = sourcecode.c.h; name = CDVLocation.h; path = "cordova-plugin-geolocation/CDVLocation.h"; sourceTree = "<group>"; };
		AD12340582FD43199D4B07B4 /* iAd.framework */ = {isa = PBXFileReference; explicitFileType = undefined; fileEncoding = 9; includeInIndex = 0; lastKnownFileType = wrapper.framework; name = iAd.framework; path = System/Library/Frameworks/iAd.framework; sourceTree = SDKROOT; };
		B150D019DD734369869B6F4E /* GenericAdPlugin.h */ = {isa = PBXFileReference; explicitFileType = undefined; fileEncoding = 4; includeInIndex = 0; lastKnownFileType = sourcecode.c.h; name = GenericAdPlugin.h; path = "cordova-plugin-extension/GenericAdPlugin.h"; sourceTree = "<group>"; };
		B8C071D9E2284BE88777ECCA /* iAdPlugin.h */ = {isa = PBXFileReference; explicitFileType = undefined; fileEncoding = 4; includeInIndex = 0; lastKnownFileType = sourcecode.c.h; name = iAdPlugin.h; path = "cordova-plugin-iad/iAdPlugin.h"; sourceTree = "<group>"; };
		C1553DD3F64B40C588579C28 /* ELCAlbumPickerController.xib */ = {isa = PBXFileReference; explicitFileType = undefined; fileEncoding = 9; includeInIndex = 0; lastKnownFileType = file.xib; path = ELCAlbumPickerController.xib; sourceTree = "<group>"; };
		C574311FD25C4262A00D6803 /* AppDelegate+notification.m */ = {isa = PBXFileReference; explicitFileType = undefined; fileEncoding = 4; includeInIndex = 0; lastKnownFileType = sourcecode.c.objc; name = "AppDelegate+notification.m"; path = "com.phonegap.plugins.PushPlugin/AppDelegate+notification.m"; sourceTree = "<group>"; };
		CCD37A1630CB485590AC50B8 /* CDVInAppBrowser.h */ = {isa = PBXFileReference; explicitFileType = undefined; fileEncoding = 4; includeInIndex = 0; lastKnownFileType = sourcecode.c.h; name = CDVInAppBrowser.h; path = "cordova-plugin-inappbrowser/CDVInAppBrowser.h"; sourceTree = "<group>"; };
		CE2E37D727674A04AF0F3387 /* MessageUI.framework */ = {isa = PBXFileReference; explicitFileType = undefined; fileEncoding = 9; includeInIndex = 0; lastKnownFileType = wrapper.framework; name = MessageUI.framework; path = System/Library/Frameworks/MessageUI.framework; sourceTree = SDKROOT; };
		D28D04874C16431EA42D36AA /* PluginAdapterDelegate.h */ = {isa = PBXFileReference; explicitFileType = undefined; fileEncoding = 4; includeInIndex = 0; lastKnownFileType = sourcecode.c.h; name = PluginAdapterDelegate.h; path = "cordova-plugin-extension/PluginAdapterDelegate.h"; sourceTree = "<group>"; };
		D47D565B4ED842EBB2858FCE /* CDVDevice.m */ = {isa = PBXFileReference; explicitFileType = undefined; fileEncoding = 4; includeInIndex = 0; lastKnownFileType = sourcecode.c.objc; name = CDVDevice.m; path = "cordova-plugin-device/CDVDevice.m"; sourceTree = "<group>"; };
		D7A210148561473297C45F47 /* CDVLogger.m */ = {isa = PBXFileReference; explicitFileType = undefined; fileEncoding = 4; includeInIndex = 0; lastKnownFileType = sourcecode.c.objc; name = CDVLogger.m; path = "cordova-plugin-console/CDVLogger.m"; sourceTree = "<group>"; };
		D883D7F8A8EA4931A4A8AE01 /* ELCAssetTablePicker.xib */ = {isa = PBXFileReference; explicitFileType = undefined; fileEncoding = 9; includeInIndex = 0; lastKnownFileType = file.xib; path = ELCAssetTablePicker.xib; sourceTree = "<group>"; };
		DA97C1E99A264394AF05BB34 /* CDVSplashScreen.h */ = {isa = PBXFileReference; explicitFileType = undefined; fileEncoding = 4; includeInIndex = 0; lastKnownFileType = sourcecode.c.h; name = CDVSplashScreen.h; path = "cordova-plugin-splashscreen/CDVSplashScreen.h"; sourceTree = "<group>"; };
		DD6D5430C5CF4D7DAB23E549 /* CDVGlobalization.h */ = {isa = PBXFileReference; explicitFileType = undefined; fileEncoding = 4; includeInIndex = 0; lastKnownFileType = sourcecode.c.h; name = CDVGlobalization.h; path = "cordova-plugin-globalization/CDVGlobalization.h"; sourceTree = "<group>"; };
		DDC7647DE54E4AFD9BE690C4 /* CDVGlobalization.m */ = {isa = PBXFileReference; explicitFileType = undefined; fileEncoding = 4; includeInIndex = 0; lastKnownFileType = sourcecode.c.objc; name = CDVGlobalization.m; path = "cordova-plugin-globalization/CDVGlobalization.m"; sourceTree = "<group>"; };
		E3899015BB5F45E3942C9E58 /* APPEmailComposerImpl.m */ = {isa = PBXFileReference; explicitFileType = undefined; fileEncoding = 4; includeInIndex = 0; lastKnownFileType = sourcecode.c.objc; name = APPEmailComposerImpl.m; path = "cordova-plugin-email-composer/APPEmailComposerImpl.m"; sourceTree = "<group>"; };
		E46AA98E0C554B5AA11296F5 /* Overlay.png */ = {isa = PBXFileReference; explicitFileType = undefined; fileEncoding = 9; includeInIndex = 0; lastKnownFileType = unknown; path = Overlay.png; sourceTree = "<group>"; };
		E7054096E23A4312969EC50E /* Overlay@2x.png */ = {isa = PBXFileReference; explicitFileType = undefined; fileEncoding = 9; includeInIndex = 0; lastKnownFileType = unknown; path = "Overlay@2x.png"; sourceTree = "<group>"; };
		EB87FDF31871DA8E0020F90C /* www */ = {isa = PBXFileReference; lastKnownFileType = folder; name = www; path = ../../www; sourceTree = "<group>"; };
		EB87FDF41871DAF40020F90C /* config.xml */ = {isa = PBXFileReference; lastKnownFileType = text.xml; name = config.xml; path = ../../config.xml; sourceTree = "<group>"; };
		ED33DF2A687741AEAF9F8254 /* Bridging-Header.h */ = {isa = PBXFileReference; fileEncoding = 4; lastKnownFileType = sourcecode.c.h; path = "Bridging-Header.h"; sourceTree = "<group>"; };
		F1CA3167E5564B47B84268EB /* APPEmailComposer.m */ = {isa = PBXFileReference; explicitFileType = undefined; fileEncoding = 4; includeInIndex = 0; lastKnownFileType = sourcecode.c.objc; name = APPEmailComposer.m; path = "cordova-plugin-email-composer/APPEmailComposer.m"; sourceTree = "<group>"; };
		F2ECED0509524A93B4AC7EF7 /* SOSPicker.h */ = {isa = PBXFileReference; explicitFileType = undefined; fileEncoding = 4; includeInIndex = 0; lastKnownFileType = sourcecode.c.h; name = SOSPicker.h; path = com.synconset.imagepicker/SOSPicker.h; sourceTree = "<group>"; };
		F840E1F0165FE0F500CFE078 /* config.xml */ = {isa = PBXFileReference; lastKnownFileType = text.xml; name = config.xml; path = Liquium/config.xml; sourceTree = "<group>"; };
		F88CEBC9523748B5961109A7 /* APPEmailComposerImpl.h */ = {isa = PBXFileReference; explicitFileType = undefined; fileEncoding = 4; includeInIndex = 0; lastKnownFileType = sourcecode.c.h; name = APPEmailComposerImpl.h; path = "cordova-plugin-email-composer/APPEmailComposerImpl.h"; sourceTree = "<group>"; };
		FA8E25C986B4438C8ADF9EB8 /* ELCAssetTablePicker.h */ = {isa = PBXFileReference; explicitFileType = undefined; fileEncoding = 4; includeInIndex = 0; lastKnownFileType = sourcecode.c.h; name = ELCAssetTablePicker.h; path = com.synconset.imagepicker/ELCAssetTablePicker.h; sourceTree = "<group>"; };
/* End PBXFileReference section */

/* Begin PBXFrameworksBuildPhase section */
		1D60588F0D05DD3D006BFB54 /* Frameworks */ = {
			isa = PBXFrameworksBuildPhase;
			buildActionMask = 2147483647;
			files = (
				301BF552109A68D80062928A /* libCordova.a in Frameworks */,
				DE13B0F7CCD249D4B50AE3F7 /* AudioToolbox.framework in Frameworks */,
				17210D11743A46BF9905E492 /* MessageUI.framework in Frameworks */,
				D62CC7A36FB5490CB97E7EA6 /* libCordovaGenericAd.a in Frameworks */,
				1701DB5D9C8747DBAA6EE4BC /* CFNetwork.framework in Frameworks */,
				DA1381774B7E4322899B5CFE /* CoreLocation.framework in Frameworks */,
				674805114C704AF4B585F081 /* iAd.framework in Frameworks */,
			);
			runOnlyForDeploymentPostprocessing = 0;
		};
/* End PBXFrameworksBuildPhase section */

/* Begin PBXGroup section */
		080E96DDFE201D6D7F000001 /* Classes */ = {
			isa = PBXGroup;
			children = (
				302D95EE14D2391D003F00A1 /* MainViewController.h */,
				302D95EF14D2391D003F00A1 /* MainViewController.m */,
				302D95F014D2391D003F00A1 /* MainViewController.xib */,
				1D3623240D0F684500981E51 /* AppDelegate.h */,
				1D3623250D0F684500981E51 /* AppDelegate.m */,
			);
			name = Classes;
			path = Liquium/Classes;
			sourceTree = SOURCE_ROOT;
		};
		19C28FACFE9D520D11CA2CBB /* Products */ = {
			isa = PBXGroup;
			children = (
				1D6058910D05DD3D006BFB54 /* Liquium.app */,
			);
			name = Products;
			sourceTree = "<group>";
		};
		29B97314FDCFA39411CA2CEA /* CustomTemplate */ = {
			isa = PBXGroup;
			children = (
				EB87FDF41871DAF40020F90C /* config.xml */,
				EB87FDF31871DA8E0020F90C /* www */,
				EB87FDF11871DA420020F90C /* Staging */,
				301BF52D109A57CC0062928A /* CordovaLib.xcodeproj */,
				080E96DDFE201D6D7F000001 /* Classes */,
				307C750510C5A3420062BCA9 /* Plugins */,
				29B97315FDCFA39411CA2CEA /* Other Sources */,
				29B97317FDCFA39411CA2CEA /* Resources */,
				29B97323FDCFA39411CA2CEA /* Frameworks */,
				19C28FACFE9D520D11CA2CBB /* Products */,
			);
			name = CustomTemplate;
			sourceTree = "<group>";
		};
		29B97315FDCFA39411CA2CEA /* Other Sources */ = {
			isa = PBXGroup;
			children = (
				32CA4F630368D1EE00C91783 /* Liquium-Prefix.pch */,
				29B97316FDCFA39411CA2CEA /* main.m */,
				ED33DF2A687741AEAF9F8254 /* Bridging-Header.h */,
			);
			name = "Other Sources";
			path = Liquium;
			sourceTree = "<group>";
		};
		29B97317FDCFA39411CA2CEA /* Resources */ = {
			isa = PBXGroup;
			children = (
				0207DA571B56EA530066E2B4 /* Images.xcassets */,
				3047A50E1AB8057F00498E2A /* config */,
				8D1107310486CEB800E47090 /* Liquium-Info.plist */,
				6AFF5BF81D6E424B00AB3073 /* CDVLaunchScreen.storyboard */,
				C1553DD3F64B40C588579C28 /* ELCAlbumPickerController.xib */,
				879BE31264354AD5A89315C9 /* ELCAssetPicker.xib */,
				D883D7F8A8EA4931A4A8AE01 /* ELCAssetTablePicker.xib */,
				E46AA98E0C554B5AA11296F5 /* Overlay.png */,
				E7054096E23A4312969EC50E /* Overlay@2x.png */,
				5A6F77DBA3344B438B7F1CE9 /* CDVNotification.bundle */,
			);
			name = Resources;
			path = Liquium/Resources;
			sourceTree = "<group>";
		};
		29B97323FDCFA39411CA2CEA /* Frameworks */ = {
			isa = PBXGroup;
			children = (
				8A7B7180F5194834B9937E91 /* AudioToolbox.framework */,
				CE2E37D727674A04AF0F3387 /* MessageUI.framework */,
				668B9946FD084FC5A4846926 /* libCordovaGenericAd.a */,
				9DB2D1A0C02C4B0094B178B4 /* CFNetwork.framework */,
				7D8A06D45AD64FA38EDD2E58 /* CoreLocation.framework */,
				AD12340582FD43199D4B07B4 /* iAd.framework */,
			);
			name = Frameworks;
			sourceTree = "<group>";
		};
		301BF52E109A57CC0062928A /* Products */ = {
			isa = PBXGroup;
			children = (
				301BF535109A57CC0062928A /* libCordova.a */,
			);
			name = Products;
			sourceTree = "<group>";
		};
		3047A50E1AB8057F00498E2A /* config */ = {
			isa = PBXGroup;
			children = (
				3047A50F1AB8059700498E2A /* build-debug.xcconfig */,
				3047A5101AB8059700498E2A /* build-release.xcconfig */,
				3047A5111AB8059700498E2A /* build.xcconfig */,
			);
			name = config;
			sourceTree = "<group>";
		};
		307C750510C5A3420062BCA9 /* Plugins */ = {
			isa = PBXGroup;
			children = (
				C574311FD25C4262A00D6803 /* AppDelegate+notification.m */,
				32EE86F483F3477093FFC348 /* PushPlugin.m */,
				2214DC85501E47858B5BE530 /* AppDelegate+notification.h */,
				0B24ABC9625B422F821E3816 /* PushPlugin.h */,
				18A8266CB94E4066988EBA71 /* SOSPicker.m */,
				841B388E1FDA4ECBBA136973 /* ELCAlbumPickerController.m */,
				65C6927AD48546D3985CF710 /* ELCAsset.m */,
				9CB884BE538449359EBFEC08 /* ELCAssetCell.m */,
				89DECEDFA5824F76AAE86307 /* ELCAssetTablePicker.m */,
				299CBC92AE5D4ED69F6AC83E /* ELCImagePickerController.m */,
				F2ECED0509524A93B4AC7EF7 /* SOSPicker.h */,
				880A76CF573C4D40A50F2383 /* ELCAlbumPickerController.h */,
				64D26B3F1A214FCC973BF95F /* ELCAsset.h */,
				A4A5108D5E22429A97033287 /* ELCAssetCell.h */,
				266D64C067BB4E3E8A0FF55D /* ELCAssetPickerFilterDelegate.h */,
				AB24C5ADE74B4C4AA0490499 /* ELCAssetSelectionDelegate.h */,
				FA8E25C986B4438C8ADF9EB8 /* ELCAssetTablePicker.h */,
				956B2A28BDB4439C86C55B18 /* ELCImagePickerController.h */,
				D7A210148561473297C45F47 /* CDVLogger.m */,
				4CB36F2BE51F44819B8230E7 /* CDVLogger.h */,
				D47D565B4ED842EBB2858FCE /* CDVDevice.m */,
				1C92863F7C004ED0B44F20C0 /* CDVDevice.h */,
				5208D219D4E1408091BBD302 /* CDVNotification.m */,
				0EE456DC8F8147FF85B0B260 /* CDVNotification.h */,
				F1CA3167E5564B47B84268EB /* APPEmailComposer.m */,
				E3899015BB5F45E3942C9E58 /* APPEmailComposerImpl.m */,
				5BD1C2B7167A4E928E4362D5 /* APPEmailComposer.h */,
				F88CEBC9523748B5961109A7 /* APPEmailComposerImpl.h */,
				43EBC1D6E3A34EC08071728E /* CDVPluginExt.m */,
				D28D04874C16431EA42D36AA /* PluginAdapterDelegate.h */,
				40F272A536BD4D929D754EB7 /* CDVPluginExt.h */,
				B150D019DD734369869B6F4E /* GenericAdPlugin.h */,
				835486A24CFC43F189088C39 /* CDVLocation.m */,
				AC2F5078BEDF4BB2BA45AB97 /* CDVLocation.h */,
				DDC7647DE54E4AFD9BE690C4 /* CDVGlobalization.m */,
				DD6D5430C5CF4D7DAB23E549 /* CDVGlobalization.h */,
				981EF8BE21D241C898B854BD /* iAdPlugin.m */,
				B8C071D9E2284BE88777ECCA /* iAdPlugin.h */,
				6AC9E5C1F5B74EA387A1E143 /* CDVInAppBrowser.m */,
				CCD37A1630CB485590AC50B8 /* CDVInAppBrowser.h */,
				4D57A40BB18F436A9E6AC814 /* CDVSplashScreen.m */,
				996F9044492047E8935213A7 /* CDVViewController+SplashScreen.m */,
				DA97C1E99A264394AF05BB34 /* CDVSplashScreen.h */,
				3D7B0DBDB72E457690A77D32 /* CDVViewController+SplashScreen.h */,
				241F3D3499A84E768FE7E3A9 /* IonicKeyboard.m */,
				24F5A35F88C5458986317E33 /* IonicKeyboard.h */,
			);
			name = Plugins;
			path = Liquium/Plugins;
			sourceTree = SOURCE_ROOT;
		};
		EB87FDF11871DA420020F90C /* Staging */ = {
			isa = PBXGroup;
			children = (
				F840E1F0165FE0F500CFE078 /* config.xml */,
				301BF56E109A69640062928A /* www */,
			);
			name = Staging;
			sourceTree = "<group>";
		};
/* End PBXGroup section */

/* Begin PBXNativeTarget section */
		1D6058900D05DD3D006BFB54 /* Liquium */ = {
			isa = PBXNativeTarget;
			buildConfigurationList = 1D6058960D05DD3E006BFB54 /* Build configuration list for PBXNativeTarget "Liquium" */;
			buildPhases = (
				304B58A110DAC018002A0835 /* Copy www directory */,
				1D60588D0D05DD3D006BFB54 /* Resources */,
				1D60588E0D05DD3D006BFB54 /* Sources */,
				1D60588F0D05DD3D006BFB54 /* Frameworks */,
			);
			buildRules = (
			);
			dependencies = (
				301BF551109A68C00062928A /* PBXTargetDependency */,
			);
			name = Liquium;
			productName = Liquium;
			productReference = 1D6058910D05DD3D006BFB54 /* Liquium.app */;
			productType = "com.apple.product-type.application";
		};
/* End PBXNativeTarget section */

/* Begin PBXProject section */
		29B97313FDCFA39411CA2CEA /* Project object */ = {
			isa = PBXProject;
			attributes = {
				LastUpgradeCheck = 510;
				TargetAttributes = {
					1D6058900D05DD3D006BFB54 = {
						ProvisioningStyle = Manual;
					};
				};
			};
			buildConfigurationList = C01FCF4E08A954540054247B /* Build configuration list for PBXProject "Liquium" */;
			compatibilityVersion = "Xcode 3.2";
			developmentRegion = English;
			hasScannedForEncodings = 1;
			knownRegions = (
				en,
			);
			mainGroup = 29B97314FDCFA39411CA2CEA /* CustomTemplate */;
			projectDirPath = "";
			projectReferences = (
				{
					ProductGroup = 301BF52E109A57CC0062928A /* Products */;
					ProjectRef = 301BF52D109A57CC0062928A /* CordovaLib.xcodeproj */;
				},
			);
			projectRoot = "";
			targets = (
				1D6058900D05DD3D006BFB54 /* Liquium */,
			);
		};
/* End PBXProject section */

/* Begin PBXReferenceProxy section */
		301BF535109A57CC0062928A /* libCordova.a */ = {
			isa = PBXReferenceProxy;
			fileType = archive.ar;
			path = libCordova.a;
			remoteRef = 301BF534109A57CC0062928A /* PBXContainerItemProxy */;
			sourceTree = BUILT_PRODUCTS_DIR;
		};
/* End PBXReferenceProxy section */

/* Begin PBXResourcesBuildPhase section */
		1D60588D0D05DD3D006BFB54 /* Resources */ = {
			isa = PBXResourcesBuildPhase;
			buildActionMask = 2147483647;
			files = (
				302D95F214D2391D003F00A1 /* MainViewController.xib in Resources */,
				0207DA581B56EA530066E2B4 /* Images.xcassets in Resources */,
				6AFF5BF91D6E424B00AB3073 /* CDVLaunchScreen.storyboard in Resources */,
				7F555708ECC943BBB0D5DACF /* ELCAlbumPickerController.xib in Resources */,
				6B5798F6EA0E4A3698D8221F /* ELCAssetPicker.xib in Resources */,
				0CE36D991D3041F3BEB8523C /* ELCAssetTablePicker.xib in Resources */,
				4FB89613560941599CCC7BAD /* Overlay.png in Resources */,
				900B643B8F08458AB32368FA /* Overlay@2x.png in Resources */,
				4581CE595E314F39B454A267 /* CDVNotification.bundle in Resources */,
			);
			runOnlyForDeploymentPostprocessing = 0;
		};
/* End PBXResourcesBuildPhase section */

/* Begin PBXShellScriptBuildPhase section */
		304B58A110DAC018002A0835 /* Copy www directory */ = {
			isa = PBXShellScriptBuildPhase;
			buildActionMask = 2147483647;
			files = (
			);
			inputPaths = (
			);
			name = "Copy www directory";
			outputPaths = (
			);
			runOnlyForDeploymentPostprocessing = 0;
			shellPath = /bin/sh;
			shellScript = "NODEJS_PATH=/usr/local/bin; NVM_NODE_PATH=~/.nvm/versions/node/`nvm version 2>/dev/null`/bin; N_NODE_PATH=`find /usr/local/n/versions/node/* -maxdepth 0 -type d 2>/dev/null | tail -1`/bin; XCODE_NODE_PATH=`xcode-select --print-path`/usr/share/xcs/Node/bin; PATH=$NODEJS_PATH:$NVM_NODE_PATH:$N_NODE_PATH:$XCODE_NODE_PATH:$PATH && node cordova/lib/copy-www-build-step.js";
			showEnvVarsInLog = 0;
		};
/* End PBXShellScriptBuildPhase section */

/* Begin PBXSourcesBuildPhase section */
		1D60588E0D05DD3D006BFB54 /* Sources */ = {
			isa = PBXSourcesBuildPhase;
			buildActionMask = 2147483647;
			files = (
				1D60589B0D05DD56006BFB54 /* main.m in Sources */,
				1D3623260D0F684500981E51 /* AppDelegate.m in Sources */,
				302D95F114D2391D003F00A1 /* MainViewController.m in Sources */,
				6CB5D7C419EA47C9A446569A /* AppDelegate+notification.m in Sources */,
				932BA1C484174106B9178B98 /* PushPlugin.m in Sources */,
				FD32267C820D4800A86450EF /* SOSPicker.m in Sources */,
				56A0AF72D93D44959BF3B35D /* ELCAlbumPickerController.m in Sources */,
				582F131B75C9448391AE214E /* ELCAsset.m in Sources */,
				16F9709E2F534049A03A4A02 /* ELCAssetCell.m in Sources */,
				0BB1322263B3430786C490F2 /* ELCAssetTablePicker.m in Sources */,
				DEFF3AA39A1B4D3AB4B07F56 /* ELCImagePickerController.m in Sources */,
				FED9CE50566F40C3A82DB8BB /* CDVLogger.m in Sources */,
				AC494E7BF8CB421F98A05726 /* CDVDevice.m in Sources */,
				525847370FEF4455A2A12F85 /* CDVNotification.m in Sources */,
				DE7863A034D04B1F9E2D740E /* APPEmailComposer.m in Sources */,
				3FA523DEE6204F3D97C18A82 /* APPEmailComposerImpl.m in Sources */,
				20B4F30DC0C240EBABD0EF9E /* CDVPluginExt.m in Sources */,
				DC8BF1F047974A83A475FBA2 /* CDVLocation.m in Sources */,
				E08F155AE94045A782A6F181 /* CDVGlobalization.m in Sources */,
				D100229877BE475C98772053 /* iAdPlugin.m in Sources */,
				0AE1A832F00C461190A5D8D4 /* CDVInAppBrowser.m in Sources */,
				8F57B48DF9F5447FADA3B0B1 /* CDVSplashScreen.m in Sources */,
				0331CDDBBF3F4D7588422E23 /* CDVViewController+SplashScreen.m in Sources */,
				C60B2B040BB24A53B57009BB /* IonicKeyboard.m in Sources */,
			);
			runOnlyForDeploymentPostprocessing = 0;
		};
/* End PBXSourcesBuildPhase section */

/* Begin PBXTargetDependency section */
		301BF551109A68C00062928A /* PBXTargetDependency */ = {
			isa = PBXTargetDependency;
			name = CordovaLib;
			targetProxy = 301BF550109A68C00062928A /* PBXContainerItemProxy */;
		};
/* End PBXTargetDependency section */

/* Begin XCBuildConfiguration section */
		1D6058940D05DD3E006BFB54 /* Debug */ = {
			isa = XCBuildConfiguration;
			baseConfigurationReference = 3047A50F1AB8059700498E2A /* build-debug.xcconfig */;
			buildSettings = {
				ALWAYS_SEARCH_USER_PATHS = NO;
				ASSETCATALOG_COMPILER_APPICON_NAME = AppIcon;
				ASSETCATALOG_COMPILER_LAUNCHIMAGE_NAME = LaunchImage;
				CLANG_ENABLE_MODULES = YES;
				CLANG_ENABLE_OBJC_ARC = YES;
				COPY_PHASE_STRIP = NO;
				DEVELOPMENT_TEAM = "";
				GCC_DYNAMIC_NO_PIC = NO;
				GCC_OPTIMIZATION_LEVEL = 0;
				GCC_PRECOMPILE_PREFIX_HEADER = YES;
				GCC_PREFIX_HEADER = "Liquium/Liquium-Prefix.pch";
				GCC_THUMB_SUPPORT = NO;
				GCC_VERSION = "";
				INFOPLIST_FILE = "Liquium/Liquium-Info.plist";
				IPHONEOS_DEPLOYMENT_TARGET = 8.0;
				LD_RUNPATH_SEARCH_PATHS = "@executable_path/Frameworks";
				LIBRARY_SEARCH_PATHS = (
					"$(inherited)",
					"\"$(SRCROOT)/Liquium/Plugins/cordova-plugin-extension\"",
				);
				PRODUCT_NAME = Liquium;
				TARGETED_DEVICE_FAMILY = "1,2";
			};
			name = Debug;
		};
		1D6058950D05DD3E006BFB54 /* Release */ = {
			isa = XCBuildConfiguration;
			baseConfigurationReference = 3047A5101AB8059700498E2A /* build-release.xcconfig */;
			buildSettings = {
				ALWAYS_SEARCH_USER_PATHS = NO;
				ASSETCATALOG_COMPILER_APPICON_NAME = AppIcon;
				ASSETCATALOG_COMPILER_LAUNCHIMAGE_NAME = LaunchImage;
				CLANG_ENABLE_MODULES = YES;
				CLANG_ENABLE_OBJC_ARC = YES;
				COPY_PHASE_STRIP = YES;
				DEVELOPMENT_TEAM = "";
				GCC_PRECOMPILE_PREFIX_HEADER = YES;
				GCC_PREFIX_HEADER = "Liquium/Liquium-Prefix.pch";
				GCC_THUMB_SUPPORT = NO;
				GCC_VERSION = "";
				INFOPLIST_FILE = "Liquium/Liquium-Info.plist";
				IPHONEOS_DEPLOYMENT_TARGET = 8.0;
				LD_RUNPATH_SEARCH_PATHS = "@executable_path/Frameworks";
				LIBRARY_SEARCH_PATHS = (
					"$(inherited)",
					"\"$(SRCROOT)/Liquium/Plugins/cordova-plugin-extension\"",
				);
				PRODUCT_NAME = Liquium;
				TARGETED_DEVICE_FAMILY = "1,2";
			};
			name = Release;
		};
		C01FCF4F08A954540054247B /* Debug */ = {
			isa = XCBuildConfiguration;
			baseConfigurationReference = 3047A5111AB8059700498E2A /* build.xcconfig */;
			buildSettings = {
				ASSETCATALOG_COMPILER_LAUNCHIMAGE_NAME = LaunchImage;
				CLANG_ENABLE_MODULES = YES;
				CLANG_ENABLE_OBJC_ARC = YES;
				CLANG_WARN_BOOL_CONVERSION = YES;
				CLANG_WARN_CONSTANT_CONVERSION = YES;
				CLANG_WARN_EMPTY_BODY = YES;
				CLANG_WARN_ENUM_CONVERSION = YES;
				CLANG_WARN_INT_CONVERSION = YES;
				CLANG_WARN__DUPLICATE_METHOD_MATCH = YES;
				GCC_C_LANGUAGE_STANDARD = c99;
				GCC_THUMB_SUPPORT = NO;
				GCC_VERSION = "";
				GCC_WARN_ABOUT_RETURN_TYPE = YES;
				GCC_WARN_UNDECLARED_SELECTOR = YES;
				GCC_WARN_UNINITIALIZED_AUTOS = YES;
				GCC_WARN_UNUSED_FUNCTION = YES;
				GCC_WARN_UNUSED_VARIABLE = YES;
				ONLY_ACTIVE_ARCH = YES;
				SDKROOT = iphoneos;
				SKIP_INSTALL = NO;
			};
			name = Debug;
		};
		C01FCF5008A954540054247B /* Release */ = {
			isa = XCBuildConfiguration;
			baseConfigurationReference = 3047A5111AB8059700498E2A /* build.xcconfig */;
			buildSettings = {
				ASSETCATALOG_COMPILER_LAUNCHIMAGE_NAME = LaunchImage;
				CLANG_ENABLE_MODULES = YES;
				CLANG_ENABLE_OBJC_ARC = YES;
				CLANG_WARN_BOOL_CONVERSION = YES;
				CLANG_WARN_CONSTANT_CONVERSION = YES;
				CLANG_WARN_EMPTY_BODY = YES;
				CLANG_WARN_ENUM_CONVERSION = YES;
				CLANG_WARN_INT_CONVERSION = YES;
				CLANG_WARN__DUPLICATE_METHOD_MATCH = YES;
				GCC_C_LANGUAGE_STANDARD = c99;
				GCC_THUMB_SUPPORT = NO;
				GCC_VERSION = "";
				GCC_WARN_ABOUT_RETURN_TYPE = YES;
				GCC_WARN_UNDECLARED_SELECTOR = YES;
				GCC_WARN_UNINITIALIZED_AUTOS = YES;
				GCC_WARN_UNUSED_FUNCTION = YES;
				GCC_WARN_UNUSED_VARIABLE = YES;
				SDKROOT = iphoneos;
				SKIP_INSTALL = NO;
			};
			name = Release;
		};
/* End XCBuildConfiguration section */

/* Begin XCConfigurationList section */
		1D6058960D05DD3E006BFB54 /* Build configuration list for PBXNativeTarget "Liquium" */ = {
			isa = XCConfigurationList;
			buildConfigurations = (
				1D6058940D05DD3E006BFB54 /* Debug */,
				1D6058950D05DD3E006BFB54 /* Release */,
			);
			defaultConfigurationIsVisible = 0;
			defaultConfigurationName = Release;
		};
		C01FCF4E08A954540054247B /* Build configuration list for PBXProject "Liquium" */ = {
			isa = XCConfigurationList;
			buildConfigurations = (
				C01FCF4F08A954540054247B /* Debug */,
				C01FCF5008A954540054247B /* Release */,
			);
			defaultConfigurationIsVisible = 0;
			defaultConfigurationName = Release;
		};
/* End XCConfigurationList section */
	};
	rootObject = 29B97313FDCFA39411CA2CEA /* Project object */;
}
